// !$*UTF8*$!
{
	archiveVersion = 1;
	classes = {
	};
	objectVersion = 46;
	objects = {

/* Begin PBXBuildFile section */
		D8162FD31746A13F0059D805 /* UIKit.framework in Frameworks */ = {isa = PBXBuildFile; fileRef = D8162FD21746A13F0059D805 /* UIKit.framework */; };
		D8162FD51746A13F0059D805 /* Foundation.framework in Frameworks */ = {isa = PBXBuildFile; fileRef = D8162FD41746A13F0059D805 /* Foundation.framework */; };
		D8162FD71746A13F0059D805 /* CoreGraphics.framework in Frameworks */ = {isa = PBXBuildFile; fileRef = D8162FD61746A13F0059D805 /* CoreGraphics.framework */; };
		D8162FD91746A13F0059D805 /* CoreData.framework in Frameworks */ = {isa = PBXBuildFile; fileRef = D8162FD81746A13F0059D805 /* CoreData.framework */; };
		D8162FDF1746A13F0059D805 /* InfoPlist.strings in Resources */ = {isa = PBXBuildFile; fileRef = D8162FDD1746A13F0059D805 /* InfoPlist.strings */; };
		D8162FE11746A13F0059D805 /* main.m in Sources */ = {isa = PBXBuildFile; fileRef = D8162FE01746A13F0059D805 /* main.m */; };
		D8162FE51746A13F0059D805 /* CWAppDelegate.m in Sources */ = {isa = PBXBuildFile; fileRef = D8162FE41746A13F0059D805 /* CWAppDelegate.m */; };
		D8162FE71746A13F0059D805 /* Default.png in Resources */ = {isa = PBXBuildFile; fileRef = D8162FE61746A13F0059D805 /* Default.png */; };
		D8162FE91746A13F0059D805 /* Default@2x.png in Resources */ = {isa = PBXBuildFile; fileRef = D8162FE81746A13F0059D805 /* Default@2x.png */; };
		D8162FEB1746A13F0059D805 /* Default-568h@2x.png in Resources */ = {isa = PBXBuildFile; fileRef = D8162FEA1746A13F0059D805 /* Default-568h@2x.png */; };
		D8162FEE1746A13F0059D805 /* MainStoryboard.storyboard in Resources */ = {isa = PBXBuildFile; fileRef = D8162FEC1746A13F0059D805 /* MainStoryboard.storyboard */; };
		D8162FF11746A13F0059D805 /* CartrideWorldLoyalty.xcdatamodeld in Sources */ = {isa = PBXBuildFile; fileRef = D8162FEF1746A13F0059D805 /* CartrideWorldLoyalty.xcdatamodeld */; };
		D8162FFF1746A1BD0059D805 /* CWHomeScreenViewController.m in Sources */ = {isa = PBXBuildFile; fileRef = D8162FFE1746A1BD0059D805 /* CWHomeScreenViewController.m */; };
		D81630021746A4300059D805 /* CWLoyaltyViewController.m in Sources */ = {isa = PBXBuildFile; fileRef = D81630011746A4300059D805 /* CWLoyaltyViewController.m */; };
		D81630051746A4490059D805 /* CWWebViewController.m in Sources */ = {isa = PBXBuildFile; fileRef = D81630041746A4480059D805 /* CWWebViewController.m */; };
		D816300C1746A4AE0059D805 /* CWPrinterListViewController.m in Sources */ = {isa = PBXBuildFile; fileRef = D816300B1746A4AE0059D805 /* CWPrinterListViewController.m */; };
		D816300F1746A8B20059D805 /* CWAddPrinterViewController.m in Sources */ = {isa = PBXBuildFile; fileRef = D816300E1746A8B20059D805 /* CWAddPrinterViewController.m */; };
		D81630191746F0F70059D805 /* CWNavBar@2x.png in Resources */ = {isa = PBXBuildFile; fileRef = D81630171746F0F70059D805 /* CWNavBar@2x.png */; };
		D816301A1746F0F70059D805 /* CWNavbar.png in Resources */ = {isa = PBXBuildFile; fileRef = D81630181746F0F70059D805 /* CWNavbar.png */; };
		D89FB79F174AB10D008605C8 /* cwLogo.png in Resources */ = {isa = PBXBuildFile; fileRef = D89FB79E174AB10D008605C8 /* cwLogo.png */; };
		D89FBA60174D5CDF008605C8 /* CoreVideo.framework in Frameworks */ = {isa = PBXBuildFile; fileRef = D89FBA5F174D5CDF008605C8 /* CoreVideo.framework */; };
		D89FBA62174D5CEA008605C8 /* CoreMedia.framework in Frameworks */ = {isa = PBXBuildFile; fileRef = D89FBA61174D5CEA008605C8 /* CoreMedia.framework */; };
		D89FBA64174D5CF4008605C8 /* AVFoundation.framework in Frameworks */ = {isa = PBXBuildFile; fileRef = D89FBA63174D5CF4008605C8 /* AVFoundation.framework */; };
		D89FBA66174D5D06008605C8 /* libiconv.dylib in Frameworks */ = {isa = PBXBuildFile; fileRef = D89FBA65174D5D06008605C8 /* libiconv.dylib */; };
		D89FBA8C174D6505008605C8 /* libzbar.a in Frameworks */ = {isa = PBXBuildFile; fileRef = D89FBA86174D6505008605C8 /* libzbar.a */; };
		D89FBA8D174D6505008605C8 /* zbar-back.png in Resources */ = {isa = PBXBuildFile; fileRef = D89FBA88174D6505008605C8 /* zbar-back.png */; };
		D89FBA8E174D6505008605C8 /* zbar-help.html in Resources */ = {isa = PBXBuildFile; fileRef = D89FBA89174D6505008605C8 /* zbar-help.html */; };
		D89FBA8F174D6505008605C8 /* zbar-helpicons.png in Resources */ = {isa = PBXBuildFile; fileRef = D89FBA8A174D6505008605C8 /* zbar-helpicons.png */; };
		D89FBA90174D6505008605C8 /* zbar-samples.png in Resources */ = {isa = PBXBuildFile; fileRef = D89FBA8B174D6505008605C8 /* zbar-samples.png */; };
		D89FBA95174D6868008605C8 /* QuartzCore.framework in Frameworks */ = {isa = PBXBuildFile; fileRef = D89FBA94174D6868008605C8 /* QuartzCore.framework */; };
		D89FBA9E174E85C5008605C8 /* CWPrinters.m in Sources */ = {isa = PBXBuildFile; fileRef = D89FBA9D174E85C5008605C8 /* CWPrinters.m */; };
		D89FBAA3174E9584008605C8 /* Punches.m in Sources */ = {isa = PBXBuildFile; fileRef = D89FBAA2174E9584008605C8 /* Punches.m */; };
		D89FBAA7174FCD5B008605C8 /* CWRedeemViewController.m in Sources */ = {isa = PBXBuildFile; fileRef = D89FBAA6174FCD5B008605C8 /* CWRedeemViewController.m */; };
		D8B49CFC175406E100532ABA /* CWWebPage.png in Resources */ = {isa = PBXBuildFile; fileRef = D8B49CFB175406E100532ABA /* CWWebPage.png */; };
		D8B49D001756760800532ABA /* AudioToolbox.framework in Frameworks */ = {isa = PBXBuildFile; fileRef = D8B49CFF1756760800532ABA /* AudioToolbox.framework */; };
		D8B49D171756A32400532ABA /* Icon-Small.png in Resources */ = {isa = PBXBuildFile; fileRef = D8B49D131756A32300532ABA /* Icon-Small.png */; };
		D8B49D181756A32400532ABA /* Icon-Small@2x.png in Resources */ = {isa = PBXBuildFile; fileRef = D8B49D141756A32400532ABA /* Icon-Small@2x.png */; };
		D8B49D191756A32400532ABA /* Icon.png in Resources */ = {isa = PBXBuildFile; fileRef = D8B49D151756A32400532ABA /* Icon.png */; };
		D8B49D1A1756A32400532ABA /* Icon@2x.png in Resources */ = {isa = PBXBuildFile; fileRef = D8B49D161756A32400532ABA /* Icon@2x.png */; };
		D8B49D1C1756A5CB00532ABA /* holePunch.mp3 in Resources */ = {isa = PBXBuildFile; fileRef = D8B49D1B1756A5CB00532ABA /* holePunch.mp3 */; };
		D8B49D1E1756CFBE00532ABA /* buzzer.mp3 in Resources */ = {isa = PBXBuildFile; fileRef = D8B49D1D1756CFBE00532ABA /* buzzer.mp3 */; };
		D8B49D231756E28400532ABA /* CWCongratulationsViewController.m in Sources */ = {isa = PBXBuildFile; fileRef = D8B49D221756E28400532ABA /* CWCongratulationsViewController.m */; };
/* End PBXBuildFile section */

/* Begin PBXFileReference section */
		D8162FCF1746A13F0059D805 /* CartrideWorldLoyalty.app */ = {isa = PBXFileReference; explicitFileType = wrapper.application; includeInIndex = 0; path = CartrideWorldLoyalty.app; sourceTree = BUILT_PRODUCTS_DIR; };
		D8162FD21746A13F0059D805 /* UIKit.framework */ = {isa = PBXFileReference; lastKnownFileType = wrapper.framework; name = UIKit.framework; path = System/Library/Frameworks/UIKit.framework; sourceTree = SDKROOT; };
		D8162FD41746A13F0059D805 /* Foundation.framework */ = {isa = PBXFileReference; lastKnownFileType = wrapper.framework; name = Foundation.framework; path = System/Library/Frameworks/Foundation.framework; sourceTree = SDKROOT; };
		D8162FD61746A13F0059D805 /* CoreGraphics.framework */ = {isa = PBXFileReference; lastKnownFileType = wrapper.framework; name = CoreGraphics.framework; path = System/Library/Frameworks/CoreGraphics.framework; sourceTree = SDKROOT; };
		D8162FD81746A13F0059D805 /* CoreData.framework */ = {isa = PBXFileReference; lastKnownFileType = wrapper.framework; name = CoreData.framework; path = System/Library/Frameworks/CoreData.framework; sourceTree = SDKROOT; };
		D8162FDC1746A13F0059D805 /* CartrideWorldLoyalty-Info.plist */ = {isa = PBXFileReference; lastKnownFileType = text.plist.xml; path = "CartrideWorldLoyalty-Info.plist"; sourceTree = "<group>"; };
		D8162FDE1746A13F0059D805 /* en */ = {isa = PBXFileReference; lastKnownFileType = text.plist.strings; name = en; path = en.lproj/InfoPlist.strings; sourceTree = "<group>"; };
		D8162FE01746A13F0059D805 /* main.m */ = {isa = PBXFileReference; lastKnownFileType = sourcecode.c.objc; path = main.m; sourceTree = "<group>"; };
		D8162FE21746A13F0059D805 /* CartrideWorldLoyalty-Prefix.pch */ = {isa = PBXFileReference; lastKnownFileType = sourcecode.c.h; path = "CartrideWorldLoyalty-Prefix.pch"; sourceTree = "<group>"; };
		D8162FE31746A13F0059D805 /* CWAppDelegate.h */ = {isa = PBXFileReference; lastKnownFileType = sourcecode.c.h; path = CWAppDelegate.h; sourceTree = "<group>"; };
		D8162FE41746A13F0059D805 /* CWAppDelegate.m */ = {isa = PBXFileReference; lastKnownFileType = sourcecode.c.objc; path = CWAppDelegate.m; sourceTree = "<group>"; };
		D8162FE61746A13F0059D805 /* Default.png */ = {isa = PBXFileReference; lastKnownFileType = image.png; path = Default.png; sourceTree = "<group>"; };
		D8162FE81746A13F0059D805 /* Default@2x.png */ = {isa = PBXFileReference; lastKnownFileType = image.png; path = "Default@2x.png"; sourceTree = "<group>"; };
		D8162FEA1746A13F0059D805 /* Default-568h@2x.png */ = {isa = PBXFileReference; lastKnownFileType = image.png; path = "Default-568h@2x.png"; sourceTree = "<group>"; };
		D8162FED1746A13F0059D805 /* en */ = {isa = PBXFileReference; lastKnownFileType = file.storyboard; name = en; path = en.lproj/MainStoryboard.storyboard; sourceTree = "<group>"; };
		D8162FF01746A13F0059D805 /* CartrideWorldLoyalty.xcdatamodel */ = {isa = PBXFileReference; lastKnownFileType = wrapper.xcdatamodel; path = CartrideWorldLoyalty.xcdatamodel; sourceTree = "<group>"; };
		D8162FFD1746A1BD0059D805 /* CWHomeScreenViewController.h */ = {isa = PBXFileReference; fileEncoding = 4; lastKnownFileType = sourcecode.c.h; path = CWHomeScreenViewController.h; sourceTree = "<group>"; };
		D8162FFE1746A1BD0059D805 /* CWHomeScreenViewController.m */ = {isa = PBXFileReference; fileEncoding = 4; lastKnownFileType = sourcecode.c.objc; path = CWHomeScreenViewController.m; sourceTree = "<group>"; };
		D81630001746A4300059D805 /* CWLoyaltyViewController.h */ = {isa = PBXFileReference; fileEncoding = 4; lastKnownFileType = sourcecode.c.h; path = CWLoyaltyViewController.h; sourceTree = "<group>"; };
		D81630011746A4300059D805 /* CWLoyaltyViewController.m */ = {isa = PBXFileReference; fileEncoding = 4; lastKnownFileType = sourcecode.c.objc; path = CWLoyaltyViewController.m; sourceTree = "<group>"; };
		D81630031746A4480059D805 /* CWWebViewController.h */ = {isa = PBXFileReference; fileEncoding = 4; lastKnownFileType = sourcecode.c.h; path = CWWebViewController.h; sourceTree = "<group>"; };
		D81630041746A4480059D805 /* CWWebViewController.m */ = {isa = PBXFileReference; fileEncoding = 4; lastKnownFileType = sourcecode.c.objc; path = CWWebViewController.m; sourceTree = "<group>"; };
		D816300A1746A4AE0059D805 /* CWPrinterListViewController.h */ = {isa = PBXFileReference; fileEncoding = 4; lastKnownFileType = sourcecode.c.h; name = CWPrinterListViewController.h; path = ../CWPrinterListViewController.h; sourceTree = "<group>"; };
		D816300B1746A4AE0059D805 /* CWPrinterListViewController.m */ = {isa = PBXFileReference; fileEncoding = 4; lastKnownFileType = sourcecode.c.objc; name = CWPrinterListViewController.m; path = ../CWPrinterListViewController.m; sourceTree = "<group>"; };
		D816300D1746A8B20059D805 /* CWAddPrinterViewController.h */ = {isa = PBXFileReference; fileEncoding = 4; lastKnownFileType = sourcecode.c.h; path = CWAddPrinterViewController.h; sourceTree = "<group>"; };
		D816300E1746A8B20059D805 /* CWAddPrinterViewController.m */ = {isa = PBXFileReference; fileEncoding = 4; lastKnownFileType = sourcecode.c.objc; path = CWAddPrinterViewController.m; sourceTree = "<group>"; };
		D81630171746F0F70059D805 /* CWNavBar@2x.png */ = {isa = PBXFileReference; lastKnownFileType = image.png; name = "CWNavBar@2x.png"; path = "../CWNavBar@2x.png"; sourceTree = "<group>"; };
		D81630181746F0F70059D805 /* CWNavbar.png */ = {isa = PBXFileReference; lastKnownFileType = image.png; name = CWNavbar.png; path = ../CWNavbar.png; sourceTree = "<group>"; };
		D89FB79E174AB10D008605C8 /* cwLogo.png */ = {isa = PBXFileReference; lastKnownFileType = image.png; name = cwLogo.png; path = ../cwLogo.png; sourceTree = "<group>"; };
		D89FBA5F174D5CDF008605C8 /* CoreVideo.framework */ = {isa = PBXFileReference; lastKnownFileType = wrapper.framework; name = CoreVideo.framework; path = System/Library/Frameworks/CoreVideo.framework; sourceTree = SDKROOT; };
		D89FBA61174D5CEA008605C8 /* CoreMedia.framework */ = {isa = PBXFileReference; lastKnownFileType = wrapper.framework; name = CoreMedia.framework; path = System/Library/Frameworks/CoreMedia.framework; sourceTree = SDKROOT; };
		D89FBA63174D5CF4008605C8 /* AVFoundation.framework */ = {isa = PBXFileReference; lastKnownFileType = wrapper.framework; name = AVFoundation.framework; path = System/Library/Frameworks/AVFoundation.framework; sourceTree = SDKROOT; };
		D89FBA65174D5D06008605C8 /* libiconv.dylib */ = {isa = PBXFileReference; lastKnownFileType = "compiled.mach-o.dylib"; name = libiconv.dylib; path = usr/lib/libiconv.dylib; sourceTree = SDKROOT; };
		D89FBA72174D6505008605C8 /* Decoder.h */ = {isa = PBXFileReference; fileEncoding = 4; lastKnownFileType = sourcecode.c.h; path = Decoder.h; sourceTree = "<group>"; };
		D89FBA73174D6505008605C8 /* Exception.h */ = {isa = PBXFileReference; fileEncoding = 4; lastKnownFileType = sourcecode.c.h; path = Exception.h; sourceTree = "<group>"; };
		D89FBA74174D6505008605C8 /* Image.h */ = {isa = PBXFileReference; fileEncoding = 4; lastKnownFileType = sourcecode.c.h; path = Image.h; sourceTree = "<group>"; };
		D89FBA75174D6505008605C8 /* ImageScanner.h */ = {isa = PBXFileReference; fileEncoding = 4; lastKnownFileType = sourcecode.c.h; path = ImageScanner.h; sourceTree = "<group>"; };
		D89FBA76174D6505008605C8 /* Processor.h */ = {isa = PBXFileReference; fileEncoding = 4; lastKnownFileType = sourcecode.c.h; path = Processor.h; sourceTree = "<group>"; };
		D89FBA77174D6505008605C8 /* Scanner.h */ = {isa = PBXFileReference; fileEncoding = 4; lastKnownFileType = sourcecode.c.h; path = Scanner.h; sourceTree = "<group>"; };
		D89FBA78174D6505008605C8 /* Symbol.h */ = {isa = PBXFileReference; fileEncoding = 4; lastKnownFileType = sourcecode.c.h; path = Symbol.h; sourceTree = "<group>"; };
		D89FBA79174D6505008605C8 /* Video.h */ = {isa = PBXFileReference; fileEncoding = 4; lastKnownFileType = sourcecode.c.h; path = Video.h; sourceTree = "<group>"; };
		D89FBA7A174D6505008605C8 /* Window.h */ = {isa = PBXFileReference; fileEncoding = 4; lastKnownFileType = sourcecode.c.h; path = Window.h; sourceTree = "<group>"; };
		D89FBA7B174D6505008605C8 /* zbar.h */ = {isa = PBXFileReference; fileEncoding = 4; lastKnownFileType = sourcecode.c.h; path = zbar.h; sourceTree = "<group>"; };
		D89FBA7C174D6505008605C8 /* ZBarCameraSimulator.h */ = {isa = PBXFileReference; fileEncoding = 4; lastKnownFileType = sourcecode.c.h; path = ZBarCameraSimulator.h; sourceTree = "<group>"; };
		D89FBA7D174D6505008605C8 /* ZBarCaptureReader.h */ = {isa = PBXFileReference; fileEncoding = 4; lastKnownFileType = sourcecode.c.h; path = ZBarCaptureReader.h; sourceTree = "<group>"; };
		D89FBA7E174D6505008605C8 /* ZBarHelpController.h */ = {isa = PBXFileReference; fileEncoding = 4; lastKnownFileType = sourcecode.c.h; path = ZBarHelpController.h; sourceTree = "<group>"; };
		D89FBA7F174D6505008605C8 /* ZBarImage.h */ = {isa = PBXFileReference; fileEncoding = 4; lastKnownFileType = sourcecode.c.h; path = ZBarImage.h; sourceTree = "<group>"; };
		D89FBA80174D6505008605C8 /* ZBarImageScanner.h */ = {isa = PBXFileReference; fileEncoding = 4; lastKnownFileType = sourcecode.c.h; path = ZBarImageScanner.h; sourceTree = "<group>"; };
		D89FBA81174D6505008605C8 /* ZBarReaderController.h */ = {isa = PBXFileReference; fileEncoding = 4; lastKnownFileType = sourcecode.c.h; path = ZBarReaderController.h; sourceTree = "<group>"; };
		D89FBA82174D6505008605C8 /* ZBarReaderView.h */ = {isa = PBXFileReference; fileEncoding = 4; lastKnownFileType = sourcecode.c.h; path = ZBarReaderView.h; sourceTree = "<group>"; };
		D89FBA83174D6505008605C8 /* ZBarReaderViewController.h */ = {isa = PBXFileReference; fileEncoding = 4; lastKnownFileType = sourcecode.c.h; path = ZBarReaderViewController.h; sourceTree = "<group>"; };
		D89FBA84174D6505008605C8 /* ZBarSDK.h */ = {isa = PBXFileReference; fileEncoding = 4; lastKnownFileType = sourcecode.c.h; path = ZBarSDK.h; sourceTree = "<group>"; };
		D89FBA85174D6505008605C8 /* ZBarSymbol.h */ = {isa = PBXFileReference; fileEncoding = 4; lastKnownFileType = sourcecode.c.h; path = ZBarSymbol.h; sourceTree = "<group>"; };
		D89FBA86174D6505008605C8 /* libzbar.a */ = {isa = PBXFileReference; lastKnownFileType = archive.ar; path = libzbar.a; sourceTree = "<group>"; };
		D89FBA88174D6505008605C8 /* zbar-back.png */ = {isa = PBXFileReference; lastKnownFileType = image.png; path = "zbar-back.png"; sourceTree = "<group>"; };
		D89FBA89174D6505008605C8 /* zbar-help.html */ = {isa = PBXFileReference; fileEncoding = 4; lastKnownFileType = text.html; path = "zbar-help.html"; sourceTree = "<group>"; };
		D89FBA8A174D6505008605C8 /* zbar-helpicons.png */ = {isa = PBXFileReference; lastKnownFileType = image.png; path = "zbar-helpicons.png"; sourceTree = "<group>"; };
		D89FBA8B174D6505008605C8 /* zbar-samples.png */ = {isa = PBXFileReference; lastKnownFileType = image.png; path = "zbar-samples.png"; sourceTree = "<group>"; };
		D89FBA94174D6868008605C8 /* QuartzCore.framework */ = {isa = PBXFileReference; lastKnownFileType = wrapper.framework; name = QuartzCore.framework; path = System/Library/Frameworks/QuartzCore.framework; sourceTree = SDKROOT; };
		D89FBA9C174E85C5008605C8 /* CWPrinters.h */ = {isa = PBXFileReference; fileEncoding = 4; lastKnownFileType = sourcecode.c.h; path = CWPrinters.h; sourceTree = "<group>"; };
		D89FBA9D174E85C5008605C8 /* CWPrinters.m */ = {isa = PBXFileReference; fileEncoding = 4; lastKnownFileType = sourcecode.c.objc; path = CWPrinters.m; sourceTree = "<group>"; };
		D89FBAA1174E9584008605C8 /* Punches.h */ = {isa = PBXFileReference; fileEncoding = 4; lastKnownFileType = sourcecode.c.h; path = Punches.h; sourceTree = "<group>"; };
		D89FBAA2174E9584008605C8 /* Punches.m */ = {isa = PBXFileReference; fileEncoding = 4; lastKnownFileType = sourcecode.c.objc; path = Punches.m; sourceTree = "<group>"; };
		D89FBAA5174FCD5A008605C8 /* CWRedeemViewController.h */ = {isa = PBXFileReference; fileEncoding = 4; lastKnownFileType = sourcecode.c.h; path = CWRedeemViewController.h; sourceTree = "<group>"; };
		D89FBAA6174FCD5B008605C8 /* CWRedeemViewController.m */ = {isa = PBXFileReference; fileEncoding = 4; lastKnownFileType = sourcecode.c.objc; path = CWRedeemViewController.m; sourceTree = "<group>"; };
		D8B49CFB175406E100532ABA /* CWWebPage.png */ = {isa = PBXFileReference; lastKnownFileType = image.png; name = CWWebPage.png; path = ../CWWebPage.png; sourceTree = "<group>"; };
		D8B49CFF1756760800532ABA /* AudioToolbox.framework */ = {isa = PBXFileReference; lastKnownFileType = wrapper.framework; name = AudioToolbox.framework; path = System/Library/Frameworks/AudioToolbox.framework; sourceTree = SDKROOT; };
		D8B49D131756A32300532ABA /* Icon-Small.png */ = {isa = PBXFileReference; lastKnownFileType = image.png; name = "Icon-Small.png"; path = "../Icon-Small.png"; sourceTree = "<group>"; };
		D8B49D141756A32400532ABA /* Icon-Small@2x.png */ = {isa = PBXFileReference; lastKnownFileType = image.png; name = "Icon-Small@2x.png"; path = "../Icon-Small@2x.png"; sourceTree = "<group>"; };
		D8B49D151756A32400532ABA /* Icon.png */ = {isa = PBXFileReference; lastKnownFileType = image.png; name = Icon.png; path = ../Icon.png; sourceTree = "<group>"; };
		D8B49D161756A32400532ABA /* Icon@2x.png */ = {isa = PBXFileReference; lastKnownFileType = image.png; name = "Icon@2x.png"; path = "../Icon@2x.png"; sourceTree = "<group>"; };
		D8B49D1B1756A5CB00532ABA /* holePunch.mp3 */ = {isa = PBXFileReference; lastKnownFileType = audio.mp3; name = holePunch.mp3; path = ../holePunch.mp3; sourceTree = "<group>"; };
		D8B49D1D1756CFBE00532ABA /* buzzer.mp3 */ = {isa = PBXFileReference; lastKnownFileType = audio.mp3; name = buzzer.mp3; path = ../buzzer.mp3; sourceTree = "<group>"; };
		D8B49D211756E28300532ABA /* CWCongratulationsViewController.h */ = {isa = PBXFileReference; fileEncoding = 4; lastKnownFileType = sourcecode.c.h; path = CWCongratulationsViewController.h; sourceTree = "<group>"; };
		D8B49D221756E28400532ABA /* CWCongratulationsViewController.m */ = {isa = PBXFileReference; fileEncoding = 4; lastKnownFileType = sourcecode.c.objc; path = CWCongratulationsViewController.m; sourceTree = "<group>"; };
/* End PBXFileReference section */

/* Begin PBXFrameworksBuildPhase section */
		D8162FCC1746A13F0059D805 /* Frameworks */ = {
			isa = PBXFrameworksBuildPhase;
			buildActionMask = 2147483647;
			files = (
				D8B49D001756760800532ABA /* AudioToolbox.framework in Frameworks */,
				D89FBA95174D6868008605C8 /* QuartzCore.framework in Frameworks */,
				D89FBA66174D5D06008605C8 /* libiconv.dylib in Frameworks */,
				D89FBA64174D5CF4008605C8 /* AVFoundation.framework in Frameworks */,
				D89FBA62174D5CEA008605C8 /* CoreMedia.framework in Frameworks */,
				D89FBA60174D5CDF008605C8 /* CoreVideo.framework in Frameworks */,
				D8162FD31746A13F0059D805 /* UIKit.framework in Frameworks */,
				D8162FD51746A13F0059D805 /* Foundation.framework in Frameworks */,
				D8162FD71746A13F0059D805 /* CoreGraphics.framework in Frameworks */,
				D8162FD91746A13F0059D805 /* CoreData.framework in Frameworks */,
				D89FBA8C174D6505008605C8 /* libzbar.a in Frameworks */,
			);
			runOnlyForDeploymentPostprocessing = 0;
		};
/* End PBXFrameworksBuildPhase section */

/* Begin PBXGroup section */
		D8162FC61746A13F0059D805 = {
			isa = PBXGroup;
			children = (
				D89FBA6E174D6505008605C8 /* ZBarSDK */,
				D8162FDA1746A13F0059D805 /* CartrideWorldLoyalty */,
				D8162FD11746A13F0059D805 /* Frameworks */,
				D8162FD01746A13F0059D805 /* Products */,
			);
			sourceTree = "<group>";
		};
		D8162FD01746A13F0059D805 /* Products */ = {
			isa = PBXGroup;
			children = (
				D8162FCF1746A13F0059D805 /* CartrideWorldLoyalty.app */,
			);
			name = Products;
			sourceTree = "<group>";
		};
		D8162FD11746A13F0059D805 /* Frameworks */ = {
			isa = PBXGroup;
			children = (
				D8B49CFF1756760800532ABA /* AudioToolbox.framework */,
				D89FBA94174D6868008605C8 /* QuartzCore.framework */,
				D89FBA63174D5CF4008605C8 /* AVFoundation.framework */,
				D89FBA61174D5CEA008605C8 /* CoreMedia.framework */,
				D89FBA5F174D5CDF008605C8 /* CoreVideo.framework */,
				D8162FD21746A13F0059D805 /* UIKit.framework */,
				D8162FD41746A13F0059D805 /* Foundation.framework */,
				D8162FD61746A13F0059D805 /* CoreGraphics.framework */,
				D8162FD81746A13F0059D805 /* CoreData.framework */,
				D89FBA65174D5D06008605C8 /* libiconv.dylib */,
			);
			name = Frameworks;
			sourceTree = "<group>";
		};
		D8162FDA1746A13F0059D805 /* CartrideWorldLoyalty */ = {
			isa = PBXGroup;
			children = (
				D8162FE31746A13F0059D805 /* CWAppDelegate.h */,
				D8162FE41746A13F0059D805 /* CWAppDelegate.m */,
				D8162FEC1746A13F0059D805 /* MainStoryboard.storyboard */,
				D89FBAA4174E9594008605C8 /* Core Data */,
				D81630091746A46B0059D805 /* ViewControllers */,
				D8162FDB1746A13F0059D805 /* Supporting Files */,
			);
			path = CartrideWorldLoyalty;
			sourceTree = "<group>";
		};
		D8162FDB1746A13F0059D805 /* Supporting Files */ = {
			isa = PBXGroup;
			children = (
				D8B49D1D1756CFBE00532ABA /* buzzer.mp3 */,
				D8B49D1B1756A5CB00532ABA /* holePunch.mp3 */,
				D8B49D131756A32300532ABA /* Icon-Small.png */,
				D8B49D141756A32400532ABA /* Icon-Small@2x.png */,
				D8B49D151756A32400532ABA /* Icon.png */,
				D8B49D161756A32400532ABA /* Icon@2x.png */,
				D8B49CFB175406E100532ABA /* CWWebPage.png */,
				D89FB79E174AB10D008605C8 /* cwLogo.png */,
				D8162FDC1746A13F0059D805 /* CartrideWorldLoyalty-Info.plist */,
				D8162FDD1746A13F0059D805 /* InfoPlist.strings */,
				D8162FE01746A13F0059D805 /* main.m */,
				D8162FE21746A13F0059D805 /* CartrideWorldLoyalty-Prefix.pch */,
				D81630171746F0F70059D805 /* CWNavBar@2x.png */,
				D81630181746F0F70059D805 /* CWNavbar.png */,
				D8162FE61746A13F0059D805 /* Default.png */,
				D8162FE81746A13F0059D805 /* Default@2x.png */,
				D8162FEA1746A13F0059D805 /* Default-568h@2x.png */,
			);
			name = "Supporting Files";
			sourceTree = "<group>";
		};
		D81630091746A46B0059D805 /* ViewControllers */ = {
			isa = PBXGroup;
			children = (
				D8B49D211756E28300532ABA /* CWCongratulationsViewController.h */,
				D8B49D221756E28400532ABA /* CWCongratulationsViewController.m */,
				D89FBAA5174FCD5A008605C8 /* CWRedeemViewController.h */,
				D89FBAA6174FCD5B008605C8 /* CWRedeemViewController.m */,
				D816300A1746A4AE0059D805 /* CWPrinterListViewController.h */,
				D816300B1746A4AE0059D805 /* CWPrinterListViewController.m */,
				D816300D1746A8B20059D805 /* CWAddPrinterViewController.h */,
				D816300E1746A8B20059D805 /* CWAddPrinterViewController.m */,
				D81630001746A4300059D805 /* CWLoyaltyViewController.h */,
				D81630011746A4300059D805 /* CWLoyaltyViewController.m */,
				D81630031746A4480059D805 /* CWWebViewController.h */,
				D81630041746A4480059D805 /* CWWebViewController.m */,
				D8162FFD1746A1BD0059D805 /* CWHomeScreenViewController.h */,
				D8162FFE1746A1BD0059D805 /* CWHomeScreenViewController.m */,
			);
			name = ViewControllers;
			sourceTree = "<group>";
		};
		D89FBA6E174D6505008605C8 /* ZBarSDK */ = {
			isa = PBXGroup;
			children = (
				D89FBA6F174D6505008605C8 /* Headers */,
				D89FBA86174D6505008605C8 /* libzbar.a */,
				D89FBA87174D6505008605C8 /* Resources */,
			);
			path = ZBarSDK;
			sourceTree = "<group>";
		};
		D89FBA6F174D6505008605C8 /* Headers */ = {
			isa = PBXGroup;
			children = (
				D89FBA70174D6505008605C8 /* ZBarSDK */,
			);
			path = Headers;
			sourceTree = "<group>";
		};
		D89FBA70174D6505008605C8 /* ZBarSDK */ = {
			isa = PBXGroup;
			children = (
				D89FBA71174D6505008605C8 /* zbar */,
				D89FBA7B174D6505008605C8 /* zbar.h */,
				D89FBA7C174D6505008605C8 /* ZBarCameraSimulator.h */,
				D89FBA7D174D6505008605C8 /* ZBarCaptureReader.h */,
				D89FBA7E174D6505008605C8 /* ZBarHelpController.h */,
				D89FBA7F174D6505008605C8 /* ZBarImage.h */,
				D89FBA80174D6505008605C8 /* ZBarImageScanner.h */,
				D89FBA81174D6505008605C8 /* ZBarReaderController.h */,
				D89FBA82174D6505008605C8 /* ZBarReaderView.h */,
				D89FBA83174D6505008605C8 /* ZBarReaderViewController.h */,
				D89FBA84174D6505008605C8 /* ZBarSDK.h */,
				D89FBA85174D6505008605C8 /* ZBarSymbol.h */,
			);
			path = ZBarSDK;
			sourceTree = "<group>";
		};
		D89FBA71174D6505008605C8 /* zbar */ = {
			isa = PBXGroup;
			children = (
				D89FBA72174D6505008605C8 /* Decoder.h */,
				D89FBA73174D6505008605C8 /* Exception.h */,
				D89FBA74174D6505008605C8 /* Image.h */,
				D89FBA75174D6505008605C8 /* ImageScanner.h */,
				D89FBA76174D6505008605C8 /* Processor.h */,
				D89FBA77174D6505008605C8 /* Scanner.h */,
				D89FBA78174D6505008605C8 /* Symbol.h */,
				D89FBA79174D6505008605C8 /* Video.h */,
				D89FBA7A174D6505008605C8 /* Window.h */,
			);
			path = zbar;
			sourceTree = "<group>";
		};
		D89FBA87174D6505008605C8 /* Resources */ = {
			isa = PBXGroup;
			children = (
				D89FBA88174D6505008605C8 /* zbar-back.png */,
				D89FBA89174D6505008605C8 /* zbar-help.html */,
				D89FBA8A174D6505008605C8 /* zbar-helpicons.png */,
				D89FBA8B174D6505008605C8 /* zbar-samples.png */,
			);
			path = Resources;
			sourceTree = "<group>";
		};
		D89FBAA4174E9594008605C8 /* Core Data */ = {
			isa = PBXGroup;
			children = (
				D8162FEF1746A13F0059D805 /* CartrideWorldLoyalty.xcdatamodeld */,
				D89FBA9C174E85C5008605C8 /* CWPrinters.h */,
				D89FBA9D174E85C5008605C8 /* CWPrinters.m */,
				D89FBAA1174E9584008605C8 /* Punches.h */,
				D89FBAA2174E9584008605C8 /* Punches.m */,
			);
			name = "Core Data";
			sourceTree = "<group>";
		};
/* End PBXGroup section */

/* Begin PBXNativeTarget section */
		D8162FCE1746A13F0059D805 /* CartrideWorldLoyalty */ = {
			isa = PBXNativeTarget;
			buildConfigurationList = D8162FFA1746A13F0059D805 /* Build configuration list for PBXNativeTarget "CartrideWorldLoyalty" */;
			buildPhases = (
				D8162FCB1746A13F0059D805 /* Sources */,
				D8162FCC1746A13F0059D805 /* Frameworks */,
				D8162FCD1746A13F0059D805 /* Resources */,
			);
			buildRules = (
			);
			dependencies = (
			);
			name = CartrideWorldLoyalty;
			productName = CartrideWorldLoyalty;
			productReference = D8162FCF1746A13F0059D805 /* CartrideWorldLoyalty.app */;
			productType = "com.apple.product-type.application";
		};
/* End PBXNativeTarget section */

/* Begin PBXProject section */
		D8162FC71746A13F0059D805 /* Project object */ = {
			isa = PBXProject;
			attributes = {
				CLASSPREFIX = CW;
				LastUpgradeCheck = 0460;
				ORGANIZATIONNAME = BankBox;
			};
			buildConfigurationList = D8162FCA1746A13F0059D805 /* Build configuration list for PBXProject "CartrideWorldLoyalty" */;
			compatibilityVersion = "Xcode 3.2";
			developmentRegion = English;
			hasScannedForEncodings = 0;
			knownRegions = (
				en,
				de,
				sv,
			);
			mainGroup = D8162FC61746A13F0059D805;
			productRefGroup = D8162FD01746A13F0059D805 /* Products */;
			projectDirPath = "";
			projectRoot = "";
			targets = (
				D8162FCE1746A13F0059D805 /* CartrideWorldLoyalty */,
			);
		};
/* End PBXProject section */

/* Begin PBXResourcesBuildPhase section */
		D8162FCD1746A13F0059D805 /* Resources */ = {
			isa = PBXResourcesBuildPhase;
			buildActionMask = 2147483647;
			files = (
				D8162FDF1746A13F0059D805 /* InfoPlist.strings in Resources */,
				D8162FE71746A13F0059D805 /* Default.png in Resources */,
				D8162FE91746A13F0059D805 /* Default@2x.png in Resources */,
				D8162FEB1746A13F0059D805 /* Default-568h@2x.png in Resources */,
				D8162FEE1746A13F0059D805 /* MainStoryboard.storyboard in Resources */,
				D81630191746F0F70059D805 /* CWNavBar@2x.png in Resources */,
				D816301A1746F0F70059D805 /* CWNavbar.png in Resources */,
				D89FB79F174AB10D008605C8 /* cwLogo.png in Resources */,
				D89FBA8D174D6505008605C8 /* zbar-back.png in Resources */,
				D89FBA8E174D6505008605C8 /* zbar-help.html in Resources */,
				D89FBA8F174D6505008605C8 /* zbar-helpicons.png in Resources */,
				D89FBA90174D6505008605C8 /* zbar-samples.png in Resources */,
				D8B49CFC175406E100532ABA /* CWWebPage.png in Resources */,
				D8B49D171756A32400532ABA /* Icon-Small.png in Resources */,
				D8B49D181756A32400532ABA /* Icon-Small@2x.png in Resources */,
				D8B49D191756A32400532ABA /* Icon.png in Resources */,
				D8B49D1A1756A32400532ABA /* Icon@2x.png in Resources */,
				D8B49D1C1756A5CB00532ABA /* holePunch.mp3 in Resources */,
				D8B49D1E1756CFBE00532ABA /* buzzer.mp3 in Resources */,
			);
			runOnlyForDeploymentPostprocessing = 0;
		};
/* End PBXResourcesBuildPhase section */

/* Begin PBXSourcesBuildPhase section */
		D8162FCB1746A13F0059D805 /* Sources */ = {
			isa = PBXSourcesBuildPhase;
			buildActionMask = 2147483647;
			files = (
				D8162FE11746A13F0059D805 /* main.m in Sources */,
				D8162FE51746A13F0059D805 /* CWAppDelegate.m in Sources */,
				D8162FF11746A13F0059D805 /* CartrideWorldLoyalty.xcdatamodeld in Sources */,
				D8162FFF1746A1BD0059D805 /* CWHomeScreenViewController.m in Sources */,
				D81630021746A4300059D805 /* CWLoyaltyViewController.m in Sources */,
				D81630051746A4490059D805 /* CWWebViewController.m in Sources */,
				D816300C1746A4AE0059D805 /* CWPrinterListViewController.m in Sources */,
				D816300F1746A8B20059D805 /* CWAddPrinterViewController.m in Sources */,
				D89FBA9E174E85C5008605C8 /* CWPrinters.m in Sources */,
				D89FBAA3174E9584008605C8 /* Punches.m in Sources */,
				D89FBAA7174FCD5B008605C8 /* CWRedeemViewController.m in Sources */,
				D8B49D231756E28400532ABA /* CWCongratulationsViewController.m in Sources */,
			);
			runOnlyForDeploymentPostprocessing = 0;
		};
/* End PBXSourcesBuildPhase section */

/* Begin PBXVariantGroup section */
		D8162FDD1746A13F0059D805 /* InfoPlist.strings */ = {
			isa = PBXVariantGroup;
			children = (
				D8162FDE1746A13F0059D805 /* en */,
			);
			name = InfoPlist.strings;
			sourceTree = "<group>";
		};
		D8162FEC1746A13F0059D805 /* MainStoryboard.storyboard */ = {
			isa = PBXVariantGroup;
			children = (
				D8162FED1746A13F0059D805 /* en */,
			);
			name = MainStoryboard.storyboard;
			sourceTree = "<group>";
		};
/* End PBXVariantGroup section */

/* Begin XCBuildConfiguration section */
		D8162FF81746A13F0059D805 /* Debug */ = {
			isa = XCBuildConfiguration;
			buildSettings = {
				ALWAYS_SEARCH_USER_PATHS = NO;
				CLANG_CXX_LANGUAGE_STANDARD = "gnu++0x";
				CLANG_CXX_LIBRARY = "libc++";
				CLANG_ENABLE_OBJC_ARC = YES;
				CLANG_WARN_CONSTANT_CONVERSION = YES;
				CLANG_WARN_EMPTY_BODY = YES;
				CLANG_WARN_ENUM_CONVERSION = YES;
				CLANG_WARN_INT_CONVERSION = YES;
				CLANG_WARN__DUPLICATE_METHOD_MATCH = YES;
				"CODE_SIGN_IDENTITY[sdk=iphoneos*]" = "iPhone Developer";
				COPY_PHASE_STRIP = NO;
				GCC_C_LANGUAGE_STANDARD = gnu99;
				GCC_DYNAMIC_NO_PIC = NO;
				GCC_OPTIMIZATION_LEVEL = 0;
				GCC_PREPROCESSOR_DEFINITIONS = (
					"DEBUG=1",
					"$(inherited)",
				);
				GCC_SYMBOLS_PRIVATE_EXTERN = NO;
				GCC_WARN_ABOUT_RETURN_TYPE = YES;
				GCC_WARN_UNINITIALIZED_AUTOS = YES;
				GCC_WARN_UNUSED_VARIABLE = YES;
				IPHONEOS_DEPLOYMENT_TARGET = 6.1;
				ONLY_ACTIVE_ARCH = YES;
				SDKROOT = iphoneos;
			};
			name = Debug;
		};
		D8162FF91746A13F0059D805 /* Release */ = {
			isa = XCBuildConfiguration;
			buildSettings = {
				ALWAYS_SEARCH_USER_PATHS = NO;
				CLANG_CXX_LANGUAGE_STANDARD = "gnu++0x";
				CLANG_CXX_LIBRARY = "libc++";
				CLANG_ENABLE_OBJC_ARC = YES;
				CLANG_WARN_CONSTANT_CONVERSION = YES;
				CLANG_WARN_EMPTY_BODY = YES;
				CLANG_WARN_ENUM_CONVERSION = YES;
				CLANG_WARN_INT_CONVERSION = YES;
				CLANG_WARN__DUPLICATE_METHOD_MATCH = YES;
				"CODE_SIGN_IDENTITY[sdk=iphoneos*]" = "iPhone Developer";
				COPY_PHASE_STRIP = YES;
				GCC_C_LANGUAGE_STANDARD = gnu99;
				GCC_WARN_ABOUT_RETURN_TYPE = YES;
				GCC_WARN_UNINITIALIZED_AUTOS = YES;
				GCC_WARN_UNUSED_VARIABLE = YES;
				IPHONEOS_DEPLOYMENT_TARGET = 6.1;
				OTHER_CFLAGS = "-DNS_BLOCK_ASSERTIONS=1";
				SDKROOT = iphoneos;
				VALIDATE_PRODUCT = YES;
			};
			name = Release;
		};
		D8162FFB1746A13F0059D805 /* Debug */ = {
			isa = XCBuildConfiguration;
			buildSettings = {
				GCC_PRECOMPILE_PREFIX_HEADER = YES;
				GCC_PREFIX_HEADER = "CartrideWorldLoyalty/CartrideWorldLoyalty-Prefix.pch";
				INFOPLIST_FILE = "CartrideWorldLoyalty/CartrideWorldLoyalty-Info.plist";
				LIBRARY_SEARCH_PATHS = (
					"$(inherited)",
					"\"$(SRCROOT)/ZBarSDK\"",
				);
				PRODUCT_NAME = "$(TARGET_NAME)";
				WRAPPER_EXTENSION = app;
			};
			name = Debug;
		};
		D8162FFC1746A13F0059D805 /* Release */ = {
			isa = XCBuildConfiguration;
			buildSettings = {
				GCC_PRECOMPILE_PREFIX_HEADER = YES;
				GCC_PREFIX_HEADER = "CartrideWorldLoyalty/CartrideWorldLoyalty-Prefix.pch";
				INFOPLIST_FILE = "CartrideWorldLoyalty/CartrideWorldLoyalty-Info.plist";
				LIBRARY_SEARCH_PATHS = (
					"$(inherited)",
					"\"$(SRCROOT)/ZBarSDK\"",
				);
				PRODUCT_NAME = "$(TARGET_NAME)";
				WRAPPER_EXTENSION = app;
			};
			name = Release;
		};
/* End XCBuildConfiguration section */

/* Begin XCConfigurationList section */
		D8162FCA1746A13F0059D805 /* Build configuration list for PBXProject "CartrideWorldLoyalty" */ = {
			isa = XCConfigurationList;
			buildConfigurations = (
				D8162FF81746A13F0059D805 /* Debug */,
				D8162FF91746A13F0059D805 /* Release */,
			);
			defaultConfigurationIsVisible = 0;
			defaultConfigurationName = Release;
		};
		D8162FFA1746A13F0059D805 /* Build configuration list for PBXNativeTarget "CartrideWorldLoyalty" */ = {
			isa = XCConfigurationList;
			buildConfigurations = (
				D8162FFB1746A13F0059D805 /* Debug */,
				D8162FFC1746A13F0059D805 /* Release */,
			);
			defaultConfigurationIsVisible = 0;
			defaultConfigurationName = Release;
		};
/* End XCConfigurationList section */

/* Begin XCVersionGroup section */
		D8162FEF1746A13F0059D805 /* CartrideWorldLoyalty.xcdatamodeld */ = {
			isa = XCVersionGroup;
			children = (
				D8162FF01746A13F0059D805 /* CartrideWorldLoyalty.xcdatamodel */,
			);
			currentVersion = D8162FF01746A13F0059D805 /* CartrideWorldLoyalty.xcdatamodel */;
			path = CartrideWorldLoyalty.xcdatamodeld;
			sourceTree = "<group>";
			versionGroupType = wrapper.xcdatamodel;
		};
/* End XCVersionGroup section */
	};
	rootObject = D8162FC71746A13F0059D805 /* Project object */;
}
